
Microsoft Visual Studio Solution File, Format Version 12.00
# Visual Studio Version 17
VisualStudioVersion = 17.5.002.0
MinimumVisualStudioVersion = 10.0.40219.1
Project("{9A19103F-16F7-4668-BE54-9A1E7A4F7556}") = "GarbageCollection", "GarbageCollection.csproj", "{60242C32-F999-4FBA-9818-39E49F2AD422}"
EndProject
Global
	GlobalSection(SolutionConfigurationPlatforms) = preSolution
		Debug|Any CPU = Debug|Any CPU
		Release|Any CPU = Release|Any CPU
	EndGlobalSection
	GlobalSection(ProjectConfigurationPlatforms) = postSolution
		{60242C32-F999-4FBA-9818-39E49F2AD422}.Debug|Any CPU.ActiveCfg = Debug|Any CPU
		{60242C32-F999-4FBA-9818-39E49F2AD422}.Debug|Any CPU.Build.0 = Debug|Any CPU
		{60242C32-F999-4FBA-9818-39E49F2AD422}.Release|Any CPU.ActiveCfg = Release|Any CPU
		{60242C32-F999-4FBA-9818-39E49F2AD422}.Release|Any CPU.Build.0 = Release|Any CPU
	EndGlobalSection
	GlobalSection(SolutionProperties) = preSolution
		HideSolutionNode = FALSE
	EndGlobalSection
	GlobalSection(ExtensibilityGlobals) = postSolution
		SolutionGuid = {0077AB93-6D83-4E71-B9B7-175EADCA7234}
	EndGlobalSection
EndGlobal
